
Microsoft Visual Studio Solution File, Format Version 12.00
# Visual Studio 15
VisualStudioVersion = 15.0.28307.645
MinimumVisualStudioVersion = 10.0.40219.1
Project("{FAE04EC0-301F-11D3-BF4B-00C04F79EFBC}") = "WebApp2", "WebApp2\WebApp2.csproj", "{696A18FF-51E0-4881-9DFD-FABEF829339E}"
EndProject
Global
	GlobalSection(SolutionConfigurationPlatforms) = preSolution
		Debug|Any CPU = Debug|Any CPU
		Release|Any CPU = Release|Any CPU
	EndGlobalSection
	GlobalSection(ProjectConfigurationPlatforms) = postSolution
		{696A18FF-51E0-4881-9DFD-FABEF829339E}.Debug|Any CPU.ActiveCfg = Debug|Any CPU
		{696A18FF-51E0-4881-9DFD-FABEF829339E}.Debug|Any CPU.Build.0 = Debug|Any CPU
		{696A18FF-51E0-4881-9DFD-FABEF829339E}.Release|Any CPU.ActiveCfg = Release|Any CPU
		{696A18FF-51E0-4881-9DFD-FABEF829339E}.Release|Any CPU.Build.0 = Release|Any CPU
	EndGlobalSection
	GlobalSection(SolutionProperties) = preSolution
		HideSolutionNode = FALSE
	EndGlobalSection
	GlobalSection(ExtensibilityGlobals) = postSolution
		SolutionGuid = {E7572A48-5868-45AD-910B-D06A7AA92E11}
	EndGlobalSection
EndGlobal
